
Microsoft Visual Studio Solution File, Format Version 12.00
# Visual Studio Version 17
VisualStudioVersion = 17.6.33723.286
MinimumVisualStudioVersion = 10.0.40219.1
Project("{FAE04EC0-301F-11D3-BF4B-00C04F79EFBC}") = "connection_class", "connection_class\connection_class.csproj", "{3BF0A89E-E444-4A01-B26C-C27E944F9941}"
EndProject
Global
	GlobalSection(SolutionConfigurationPlatforms) = preSolution
		Debug|Any CPU = Debug|Any CPU
		Release|Any CPU = Release|Any CPU
	EndGlobalSection
	GlobalSection(ProjectConfigurationPlatforms) = postSolution
		{3BF0A89E-E444-4A01-B26C-C27E944F9941}.Debug|Any CPU.ActiveCfg = Debug|Any CPU
		{3BF0A89E-E444-4A01-B26C-C27E944F9941}.Debug|Any CPU.Build.0 = Debug|Any CPU
		{3BF0A89E-E444-4A01-B26C-C27E944F9941}.Release|Any CPU.ActiveCfg = Release|Any CPU
		{3BF0A89E-E444-4A01-B26C-C27E944F9941}.Release|Any CPU.Build.0 = Release|Any CPU
	EndGlobalSection
	GlobalSection(SolutionProperties) = preSolution
		HideSolutionNode = FALSE
	EndGlobalSection
	GlobalSection(ExtensibilityGlobals) = postSolution
		SolutionGuid = {5C573ECE-A12C-4C4B-B415-9E7ED6E74460}
	EndGlobalSection
EndGlobal
